{
  "skills": {
    "skill-creator": {
      "version": "1.0.0",
      "sha": "dcd4803e61e913e6fc27294184cd3a71f09f5e924ff20c8a9a20173e7b3c2bcf",
      "tier": "VERIFIED",
      "installedAt": "2026-04-18T09:17:14.043Z",
      "source": "github:anthropics/skills",
      "scope": "project",
      "files": [
        "SKILL.md"
      ]
    }
  },
  "agents": [
    "claude-code"
  ],
  "updatedAt": "2026-04-25T02:18:38.861Z"
}
